{
    __meta__ = {
        version = "1.0"
    },
    ["windows|x64"] = {
        ["cmake#31fecfc4"] = {
            repo = {
                branch = "master",
                commit = "d885463d7cea3253b436ded2f4f17fd8423c4eaa",
                url = "https://github.com/xmake-io/xmake-repo.git"
            },
            version = "3.31.6-msvc6"
        },
        ["nlohmann_json#31fecfc4"] = {
            repo = {
                branch = "master",
                commit = "24602239899282ff44b38cc45c66c66b4bb5d763",
                url = "https://gitlab.com/tboox/xmake-repo.git"
            },
            version = "v3.11.3"
        },
        ["spdlog#9c36f0a9"] = {
            repo = {
                branch = "master",
                commit = "126412b89fb57322fcd77cbf65495b07a0bb8516",
                url = "https://gitlab.com/tboox/xmake-repo.git"
            },
            version = "v1.15.3"
        },
        ["toml11#31fecfc4"] = {
            repo = {
                branch = "master",
                commit = "d557ccb28de6284dff4e7a174e1681f5b386c2d5",
                url = "https://gitlab.com/tboox/xmake-repo.git"
            },
            version = "v4.4.0"
        }
    }
}